
Microsoft Visual Studio Solution File, Format Version 12.00
# Visual Studio Version 16
VisualStudioVersion = 16.0.29326.143
MinimumVisualStudioVersion = 10.0.40219.1
Project("{FAE04EC0-301F-11D3-BF4B-00C04F79EFBC}") = "Tund9", "Tund9\Tund9.csproj", "{EF1C608A-57C4-48F6-85EB-FB3F19F06946}"
EndProject
Project("{FAE04EC0-301F-11D3-BF4B-00C04F79EFBC}") = "Tund9Teine", "Tund9Teine\Tund9Teine.csproj", "{764DD232-F000-4176-84AB-BEC149E28296}"
EndProject
Project("{FAE04EC0-301F-11D3-BF4B-00C04F79EFBC}") = "Tund9Functions", "Tund9Functions\Tund9Functions.csproj", "{22992D7D-2AA6-46E7-B12D-CF696C0B9954}"
EndProject
Global
	GlobalSection(SolutionConfigurationPlatforms) = preSolution
		Debug|Any CPU = Debug|Any CPU
		Release|Any CPU = Release|Any CPU
	EndGlobalSection
	GlobalSection(ProjectConfigurationPlatforms) = postSolution
		{EF1C608A-57C4-48F6-85EB-FB3F19F06946}.Debug|Any CPU.ActiveCfg = Debug|Any CPU
		{EF1C608A-57C4-48F6-85EB-FB3F19F06946}.Debug|Any CPU.Build.0 = Debug|Any CPU
		{EF1C608A-57C4-48F6-85EB-FB3F19F06946}.Release|Any CPU.ActiveCfg = Release|Any CPU
		{EF1C608A-57C4-48F6-85EB-FB3F19F06946}.Release|Any CPU.Build.0 = Release|Any CPU
		{764DD232-F000-4176-84AB-BEC149E28296}.Debug|Any CPU.ActiveCfg = Debug|Any CPU
		{764DD232-F000-4176-84AB-BEC149E28296}.Debug|Any CPU.Build.0 = Debug|Any CPU
		{764DD232-F000-4176-84AB-BEC149E28296}.Release|Any CPU.ActiveCfg = Release|Any CPU
		{764DD232-F000-4176-84AB-BEC149E28296}.Release|Any CPU.Build.0 = Release|Any CPU
		{22992D7D-2AA6-46E7-B12D-CF696C0B9954}.Debug|Any CPU.ActiveCfg = Debug|Any CPU
		{22992D7D-2AA6-46E7-B12D-CF696C0B9954}.Debug|Any CPU.Build.0 = Debug|Any CPU
		{22992D7D-2AA6-46E7-B12D-CF696C0B9954}.Release|Any CPU.ActiveCfg = Release|Any CPU
		{22992D7D-2AA6-46E7-B12D-CF696C0B9954}.Release|Any CPU.Build.0 = Release|Any CPU
	EndGlobalSection
	GlobalSection(SolutionProperties) = preSolution
		HideSolutionNode = FALSE
	EndGlobalSection
	GlobalSection(ExtensibilityGlobals) = postSolution
		SolutionGuid = {97DDD49B-A904-4472-83FC-9381C800DC21}
	EndGlobalSection
EndGlobal
